
Microsoft Visual Studio Solution File, Format Version 12.00
# Visual Studio 15
VisualStudioVersion = 15.0.27703.2042
MinimumVisualStudioVersion = 10.0.40219.1
Project("{FAE04EC0-301F-11D3-BF4B-00C04F79EFBC}") = "University.Console", "UniversityApp\University.Console.csproj", "{D94018FB-964F-4E78-8C8A-914741438B96}"
EndProject
Project("{FAE04EC0-301F-11D3-BF4B-00C04F79EFBC}") = "CommonDataBaseAccessService", "CommonDataBaseAccessService\CommonDataBaseAccessService.csproj", "{79A6C5D5-2495-456A-90D1-CEED78096285}"
EndProject
Project("{FAE04EC0-301F-11D3-BF4B-00C04F79EFBC}") = "University.Models", "University.Models\University.Models.csproj", "{8004F2F7-E6A1-498E-941B-CB043C1D36D6}"
EndProject
Global
	GlobalSection(SolutionConfigurationPlatforms) = preSolution
		Debug|Any CPU = Debug|Any CPU
		Release|Any CPU = Release|Any CPU
	EndGlobalSection
	GlobalSection(ProjectConfigurationPlatforms) = postSolution
		{D94018FB-964F-4E78-8C8A-914741438B96}.Debug|Any CPU.ActiveCfg = Debug|Any CPU
		{D94018FB-964F-4E78-8C8A-914741438B96}.Debug|Any CPU.Build.0 = Debug|Any CPU
		{D94018FB-964F-4E78-8C8A-914741438B96}.Release|Any CPU.ActiveCfg = Release|Any CPU
		{D94018FB-964F-4E78-8C8A-914741438B96}.Release|Any CPU.Build.0 = Release|Any CPU
		{79A6C5D5-2495-456A-90D1-CEED78096285}.Debug|Any CPU.ActiveCfg = Debug|Any CPU
		{79A6C5D5-2495-456A-90D1-CEED78096285}.Debug|Any CPU.Build.0 = Debug|Any CPU
		{79A6C5D5-2495-456A-90D1-CEED78096285}.Release|Any CPU.ActiveCfg = Release|Any CPU
		{79A6C5D5-2495-456A-90D1-CEED78096285}.Release|Any CPU.Build.0 = Release|Any CPU
		{8004F2F7-E6A1-498E-941B-CB043C1D36D6}.Debug|Any CPU.ActiveCfg = Debug|Any CPU
		{8004F2F7-E6A1-498E-941B-CB043C1D36D6}.Debug|Any CPU.Build.0 = Debug|Any CPU
		{8004F2F7-E6A1-498E-941B-CB043C1D36D6}.Release|Any CPU.ActiveCfg = Release|Any CPU
		{8004F2F7-E6A1-498E-941B-CB043C1D36D6}.Release|Any CPU.Build.0 = Release|Any CPU
	EndGlobalSection
	GlobalSection(SolutionProperties) = preSolution
		HideSolutionNode = FALSE
	EndGlobalSection
	GlobalSection(ExtensibilityGlobals) = postSolution
		SolutionGuid = {4C728C26-E8C9-49E2-92DA-C8F711463C32}
	EndGlobalSection
EndGlobal
